// !$*UTF8*$!
{
	archiveVersion = 1;
	classes = {
	};
	objectVersion = 56;
	objects = {

/* Begin PBXBuildFile section */
		7D08FEB52B9CB7AA005F160E /* FavoritesView.swift in Sources */ = {isa = PBXBuildFile; fileRef = 7D08FEB42B9CB7AA005F160E /* FavoritesView.swift */; };
		7D54AE662B9B83FF008614D3 /* GroceryListView.swift in Sources */ = {isa = PBXBuildFile; fileRef = 7D54AE652B9B83FF008614D3 /* GroceryListView.swift */; };
		7D92F3C72B8ED4E500914165 /* LookUpRecipesApp.swift in Sources */ = {isa = PBXBuildFile; fileRef = 7D92F3C62B8ED4E500914165 /* LookUpRecipesApp.swift */; };
		7D92F3C92B8ED4E500914165 /* ContentView.swift in Sources */ = {isa = PBXBuildFile; fileRef = 7D92F3C82B8ED4E500914165 /* ContentView.swift */; };
		7D92F3CB2B8ED4E700914165 /* Assets.xcassets in Resources */ = {isa = PBXBuildFile; fileRef = 7D92F3CA2B8ED4E700914165 /* Assets.xcassets */; };
		7D92F3CE2B8ED4E700914165 /* Preview Assets.xcassets in Resources */ = {isa = PBXBuildFile; fileRef = 7D92F3CD2B8ED4E700914165 /* Preview Assets.xcassets */; };
		7D92F3D62B8ED55400914165 /* API Models.swift in Sources */ = {isa = PBXBuildFile; fileRef = 7D92F3D52B8ED55400914165 /* API Models.swift */; };
		7D92F3D82B8EDC5B00914165 /* ViewModel.swift in Sources */ = {isa = PBXBuildFile; fileRef = 7D92F3D72B8EDC5B00914165 /* ViewModel.swift */; };
		7D92F3DE2B9387CB00914165 /* Extensions.swift in Sources */ = {isa = PBXBuildFile; fileRef = 7D92F3DD2B9387CB00914165 /* Extensions.swift */; };
		7D92F3E02B950BDC00914165 /* SearchView.swift in Sources */ = {isa = PBXBuildFile; fileRef = 7D92F3DF2B950BDC00914165 /* SearchView.swift */; };
		7DDBA2422BA23E5900F3136E /* ButtonViews.swift in Sources */ = {isa = PBXBuildFile; fileRef = 7DDBA2412BA23E5900F3136E /* ButtonViews.swift */; };
		7DDBA2492BAB25DE00F3136E /* Icons.swift in Sources */ = {isa = PBXBuildFile; fileRef = 7DDBA2482BAB25DE00F3136E /* Icons.swift */; };
		7DDBA24B2BAB269D00F3136E /* BackgroundView.swift in Sources */ = {isa = PBXBuildFile; fileRef = 7DDBA24A2BAB269D00F3136E /* BackgroundView.swift */; };
		7DDBA24D2BABBC4D00F3136E /* DetailedView.swift in Sources */ = {isa = PBXBuildFile; fileRef = 7DDBA24C2BABBC4D00F3136E /* DetailedView.swift */; };
/* End PBXBuildFile section */

/* Begin PBXFileReference section */
		7D08FEB42B9CB7AA005F160E /* FavoritesView.swift */ = {isa = PBXFileReference; lastKnownFileType = sourcecode.swift; path = FavoritesView.swift; sourceTree = "<group>"; };
		7D54AE652B9B83FF008614D3 /* GroceryListView.swift */ = {isa = PBXFileReference; lastKnownFileType = sourcecode.swift; path = GroceryListView.swift; sourceTree = "<group>"; };
		7D92F3C32B8ED4E500914165 /* LookUpRecipes.app */ = {isa = PBXFileReference; explicitFileType = wrapper.application; includeInIndex = 0; path = LookUpRecipes.app; sourceTree = BUILT_PRODUCTS_DIR; };
		7D92F3C62B8ED4E500914165 /* LookUpRecipesApp.swift */ = {isa = PBXFileReference; lastKnownFileType = sourcecode.swift; path = LookUpRecipesApp.swift; sourceTree = "<group>"; };
		7D92F3C82B8ED4E500914165 /* ContentView.swift */ = {isa = PBXFileReference; lastKnownFileType = sourcecode.swift; path = ContentView.swift; sourceTree = "<group>"; };
		7D92F3CA2B8ED4E700914165 /* Assets.xcassets */ = {isa = PBXFileReference; lastKnownFileType = folder.assetcatalog; path = Assets.xcassets; sourceTree = "<group>"; };
		7D92F3CD2B8ED4E700914165 /* Preview Assets.xcassets */ = {isa = PBXFileReference; lastKnownFileType = folder.assetcatalog; path = "Preview Assets.xcassets"; sourceTree = "<group>"; };
		7D92F3D52B8ED55400914165 /* API Models.swift */ = {isa = PBXFileReference; lastKnownFileType = sourcecode.swift; path = "API Models.swift"; sourceTree = "<group>"; };
		7D92F3D72B8EDC5B00914165 /* ViewModel.swift */ = {isa = PBXFileReference; lastKnownFileType = sourcecode.swift; path = ViewModel.swift; sourceTree = "<group>"; };
		7D92F3DD2B9387CB00914165 /* Extensions.swift */ = {isa = PBXFileReference; lastKnownFileType = sourcecode.swift; path = Extensions.swift; sourceTree = "<group>"; };
		7D92F3DF2B950BDC00914165 /* SearchView.swift */ = {isa = PBXFileReference; lastKnownFileType = sourcecode.swift; path = SearchView.swift; sourceTree = "<group>"; };
		7DDBA2412BA23E5900F3136E /* ButtonViews.swift */ = {isa = PBXFileReference; lastKnownFileType = sourcecode.swift; path = ButtonViews.swift; sourceTree = "<group>"; };
		7DDBA2482BAB25DE00F3136E /* Icons.swift */ = {isa = PBXFileReference; lastKnownFileType = sourcecode.swift; path = Icons.swift; sourceTree = "<group>"; };
		7DDBA24A2BAB269D00F3136E /* BackgroundView.swift */ = {isa = PBXFileReference; lastKnownFileType = sourcecode.swift; path = BackgroundView.swift; sourceTree = "<group>"; };
		7DDBA24C2BABBC4D00F3136E /* DetailedView.swift */ = {isa = PBXFileReference; fileEncoding = 4; lastKnownFileType = sourcecode.swift; path = DetailedView.swift; sourceTree = "<group>"; };
/* End PBXFileReference section */

/* Begin PBXFrameworksBuildPhase section */
		7D92F3C02B8ED4E500914165 /* Frameworks */ = {
			isa = PBXFrameworksBuildPhase;
			buildActionMask = 2147483647;
			files = (
			);
			runOnlyForDeploymentPostprocessing = 0;
		};
/* End PBXFrameworksBuildPhase section */

/* Begin PBXGroup section */
		7D92F3BA2B8ED4E500914165 = {
			isa = PBXGroup;
			children = (
				7D92F3C52B8ED4E500914165 /* LookUpRecipes */,
				7D92F3C42B8ED4E500914165 /* Products */,
			);
			sourceTree = "<group>";
		};
		7D92F3C42B8ED4E500914165 /* Products */ = {
			isa = PBXGroup;
			children = (
				7D92F3C32B8ED4E500914165 /* LookUpRecipes.app */,
			);
			name = Products;
			sourceTree = "<group>";
		};
		7D92F3C52B8ED4E500914165 /* LookUpRecipes */ = {
			isa = PBXGroup;
			children = (
				7D92F3DC2B9387B400914165 /* Extensions */,
				7D92F3D92B90528C00914165 /* Views */,
				7D92F3D42B8ED51900914165 /* Models */,
				7D92F3C62B8ED4E500914165 /* LookUpRecipesApp.swift */,
				7D92F3C82B8ED4E500914165 /* ContentView.swift */,
				7D92F3CA2B8ED4E700914165 /* Assets.xcassets */,
				7D92F3CC2B8ED4E700914165 /* Preview Content */,
			);
			path = LookUpRecipes;
			sourceTree = "<group>";
		};
		7D92F3CC2B8ED4E700914165 /* Preview Content */ = {
			isa = PBXGroup;
			children = (
				7D92F3CD2B8ED4E700914165 /* Preview Assets.xcassets */,
			);
			path = "Preview Content";
			sourceTree = "<group>";
		};
		7D92F3D42B8ED51900914165 /* Models */ = {
			isa = PBXGroup;
			children = (
				7D92F3D52B8ED55400914165 /* API Models.swift */,
				7D92F3D72B8EDC5B00914165 /* ViewModel.swift */,
			);
			path = Models;
			sourceTree = "<group>";
		};
		7D92F3D92B90528C00914165 /* Views */ = {
			isa = PBXGroup;
			children = (
				7DDBA2472BAB259900F3136E /* UIElements */,
				7D08FEB42B9CB7AA005F160E /* FavoritesView.swift */,
				7DDBA24C2BABBC4D00F3136E /* DetailedView.swift */,
				7D92F3DF2B950BDC00914165 /* SearchView.swift */,
				7D54AE652B9B83FF008614D3 /* GroceryListView.swift */,
			);
			path = Views;
			sourceTree = "<group>";
		};
		7D92F3DC2B9387B400914165 /* Extensions */ = {
			isa = PBXGroup;
			children = (
				7D92F3DD2B9387CB00914165 /* Extensions.swift */,
			);
			path = Extensions;
			sourceTree = "<group>";
		};
		7DDBA2472BAB259900F3136E /* UIElements */ = {
			isa = PBXGroup;
			children = (
				7DDBA2412BA23E5900F3136E /* ButtonViews.swift */,
				7DDBA2482BAB25DE00F3136E /* Icons.swift */,
				7DDBA24A2BAB269D00F3136E /* BackgroundView.swift */,
			);
			path = UIElements;
			sourceTree = "<group>";
		};
/* End PBXGroup section */

/* Begin PBXNativeTarget section */
		7D92F3C22B8ED4E500914165 /* LookUpRecipes */ = {
			isa = PBXNativeTarget;
			buildConfigurationList = 7D92F3D12B8ED4E700914165 /* Build configuration list for PBXNativeTarget "LookUpRecipes" */;
			buildPhases = (
				7D92F3BF2B8ED4E500914165 /* Sources */,
				7D92F3C02B8ED4E500914165 /* Frameworks */,
				7D92F3C12B8ED4E500914165 /* Resources */,
			);
			buildRules = (
			);
			dependencies = (
			);
			name = LookUpRecipes;
			productName = LookUpRecipes;
			productReference = 7D92F3C32B8ED4E500914165 /* LookUpRecipes.app */;
			productType = "com.apple.product-type.application";
		};
/* End PBXNativeTarget section */

/* Begin PBXProject section */
		7D92F3BB2B8ED4E500914165 /* Project object */ = {
			isa = PBXProject;
			attributes = {
				BuildIndependentTargetsInParallel = 1;
				LastSwiftUpdateCheck = 1520;
				LastUpgradeCheck = 1520;
				TargetAttributes = {
					7D92F3C22B8ED4E500914165 = {
						CreatedOnToolsVersion = 15.2;
					};
				};
			};
			buildConfigurationList = 7D92F3BE2B8ED4E500914165 /* Build configuration list for PBXProject "LookUpRecipes" */;
			compatibilityVersion = "Xcode 14.0";
			developmentRegion = en;
			hasScannedForEncodings = 0;
			knownRegions = (
				en,
				Base,
			);
			mainGroup = 7D92F3BA2B8ED4E500914165;
			productRefGroup = 7D92F3C42B8ED4E500914165 /* Products */;
			projectDirPath = "";
			projectRoot = "";
			targets = (
				7D92F3C22B8ED4E500914165 /* LookUpRecipes */,
			);
		};
/* End PBXProject section */

/* Begin PBXResourcesBuildPhase section */
		7D92F3C12B8ED4E500914165 /* Resources */ = {
			isa = PBXResourcesBuildPhase;
			buildActionMask = 2147483647;
			files = (
				7D92F3CE2B8ED4E700914165 /* Preview Assets.xcassets in Resources */,
				7D92F3CB2B8ED4E700914165 /* Assets.xcassets in Resources */,
			);
			runOnlyForDeploymentPostprocessing = 0;
		};
/* End PBXResourcesBuildPhase section */

/* Begin PBXSourcesBuildPhase section */
		7D92F3BF2B8ED4E500914165 /* Sources */ = {
			isa = PBXSourcesBuildPhase;
			buildActionMask = 2147483647;
			files = (
				7DDBA24B2BAB269D00F3136E /* BackgroundView.swift in Sources */,
				7DDBA2492BAB25DE00F3136E /* Icons.swift in Sources */,
				7D92F3DE2B9387CB00914165 /* Extensions.swift in Sources */,
				7D08FEB52B9CB7AA005F160E /* FavoritesView.swift in Sources */,
				7DDBA24D2BABBC4D00F3136E /* DetailedView.swift in Sources */,
				7D92F3D62B8ED55400914165 /* API Models.swift in Sources */,
				7D92F3E02B950BDC00914165 /* SearchView.swift in Sources */,
				7D54AE662B9B83FF008614D3 /* GroceryListView.swift in Sources */,
				7DDBA2422BA23E5900F3136E /* ButtonViews.swift in Sources */,
				7D92F3C92B8ED4E500914165 /* ContentView.swift in Sources */,
				7D92F3C72B8ED4E500914165 /* LookUpRecipesApp.swift in Sources */,
				7D92F3D82B8EDC5B00914165 /* ViewModel.swift in Sources */,
			);
			runOnlyForDeploymentPostprocessing = 0;
		};
/* End PBXSourcesBuildPhase section */

/* Begin XCBuildConfiguration section */
		7D92F3CF2B8ED4E700914165 /* Debug */ = {
			isa = XCBuildConfiguration;
			buildSettings = {
				ALWAYS_SEARCH_USER_PATHS = NO;
				ASSETCATALOG_COMPILER_GENERATE_SWIFT_ASSET_SYMBOL_EXTENSIONS = YES;
				CLANG_ANALYZER_NONNULL = YES;
				CLANG_ANALYZER_NUMBER_OBJECT_CONVERSION = YES_AGGRESSIVE;
				CLANG_CXX_LANGUAGE_STANDARD = "gnu++20";
				CLANG_ENABLE_MODULES = YES;
				CLANG_ENABLE_OBJC_ARC = YES;
				CLANG_ENABLE_OBJC_WEAK = YES;
				CLANG_WARN_BLOCK_CAPTURE_AUTORELEASING = YES;
				CLANG_WARN_BOOL_CONVERSION = YES;
				CLANG_WARN_COMMA = YES;
				CLANG_WARN_CONSTANT_CONVERSION = YES;
				CLANG_WARN_DEPRECATED_OBJC_IMPLEMENTATIONS = YES;
				CLANG_WARN_DIRECT_OBJC_ISA_USAGE = YES_ERROR;
				CLANG_WARN_DOCUMENTATION_COMMENTS = YES;
				CLANG_WARN_EMPTY_BODY = YES;
				CLANG_WARN_ENUM_CONVERSION = YES;
				CLANG_WARN_INFINITE_RECURSION = YES;
				CLANG_WARN_INT_CONVERSION = YES;
				CLANG_WARN_NON_LITERAL_NULL_CONVERSION = YES;
				CLANG_WARN_OBJC_IMPLICIT_RETAIN_SELF = YES;
				CLANG_WARN_OBJC_LITERAL_CONVERSION = YES;
				CLANG_WARN_OBJC_ROOT_CLASS = YES_ERROR;
				CLANG_WARN_QUOTED_INCLUDE_IN_FRAMEWORK_HEADER = YES;
				CLANG_WARN_RANGE_LOOP_ANALYSIS = YES;
				CLANG_WARN_STRICT_PROTOTYPES = YES;
				CLANG_WARN_SUSPICIOUS_MOVE = YES;
				CLANG_WARN_UNGUARDED_AVAILABILITY = YES_AGGRESSIVE;
				CLANG_WARN_UNREACHABLE_CODE = YES;
				CLANG_WARN__DUPLICATE_METHOD_MATCH = YES;
				COPY_PHASE_STRIP = NO;
				DEBUG_INFORMATION_FORMAT = dwarf;
				ENABLE_STRICT_OBJC_MSGSEND = YES;
				ENABLE_TESTABILITY = YES;
				ENABLE_USER_SCRIPT_SANDBOXING = YES;
				GCC_C_LANGUAGE_STANDARD = gnu17;
				GCC_DYNAMIC_NO_PIC = NO;
				GCC_NO_COMMON_BLOCKS = YES;
				GCC_OPTIMIZATION_LEVEL = 0;
				GCC_PREPROCESSOR_DEFINITIONS = (
					"DEBUG=1",
					"$(inherited)",
				);
				GCC_WARN_64_TO_32_BIT_CONVERSION = YES;
				GCC_WARN_ABOUT_RETURN_TYPE = YES_ERROR;
				GCC_WARN_UNDECLARED_SELECTOR = YES;
				GCC_WARN_UNINITIALIZED_AUTOS = YES_AGGRESSIVE;
				GCC_WARN_UNUSED_FUNCTION = YES;
				GCC_WARN_UNUSED_VARIABLE = YES;
				IPHONEOS_DEPLOYMENT_TARGET = 17.2;
				LOCALIZATION_PREFERS_STRING_CATALOGS = YES;
				MTL_ENABLE_DEBUG_INFO = INCLUDE_SOURCE;
				MTL_FAST_MATH = YES;
				ONLY_ACTIVE_ARCH = YES;
				SDKROOT = iphoneos;
				SWIFT_ACTIVE_COMPILATION_CONDITIONS = "DEBUG $(inherited)";
				SWIFT_OPTIMIZATION_LEVEL = "-Onone";
			};
			name = Debug;
		};
		7D92F3D02B8ED4E700914165 /* Release */ = {
			isa = XCBuildConfiguration;
			buildSettings = {
				ALWAYS_SEARCH_USER_PATHS = NO;
				ASSETCATALOG_COMPILER_GENERATE_SWIFT_ASSET_SYMBOL_EXTENSIONS = YES;
				CLANG_ANALYZER_NONNULL = YES;
				CLANG_ANALYZER_NUMBER_OBJECT_CONVERSION = YES_AGGRESSIVE;
				CLANG_CXX_LANGUAGE_STANDARD = "gnu++20";
				CLANG_ENABLE_MODULES = YES;
				CLANG_ENABLE_OBJC_ARC = YES;
				CLANG_ENABLE_OBJC_WEAK = YES;
				CLANG_WARN_BLOCK_CAPTURE_AUTORELEASING = YES;
				CLANG_WARN_BOOL_CONVERSION = YES;
				CLANG_WARN_COMMA = YES;
				CLANG_WARN_CONSTANT_CONVERSION = YES;
				CLANG_WARN_DEPRECATED_OBJC_IMPLEMENTATIONS = YES;
				CLANG_WARN_DIRECT_OBJC_ISA_USAGE = YES_ERROR;
				CLANG_WARN_DOCUMENTATION_COMMENTS = YES;
				CLANG_WARN_EMPTY_BODY = YES;
				CLANG_WARN_ENUM_CONVERSION = YES;
				CLANG_WARN_INFINITE_RECURSION = YES;
				CLANG_WARN_INT_CONVERSION = YES;
				CLANG_WARN_NON_LITERAL_NULL_CONVERSION = YES;
				CLANG_WARN_OBJC_IMPLICIT_RETAIN_SELF = YES;
				CLANG_WARN_OBJC_LITERAL_CONVERSION = YES;
				CLANG_WARN_OBJC_ROOT_CLASS = YES_ERROR;
				CLANG_WARN_QUOTED_INCLUDE_IN_FRAMEWORK_HEADER = YES;
				CLANG_WARN_RANGE_LOOP_ANALYSIS = YES;
				CLANG_WARN_STRICT_PROTOTYPES = YES;
				CLANG_WARN_SUSPICIOUS_MOVE = YES;
				CLANG_WARN_UNGUARDED_AVAILABILITY = YES_AGGRESSIVE;
				CLANG_WARN_UNREACHABLE_CODE = YES;
				CLANG_WARN__DUPLICATE_METHOD_MATCH = YES;
				COPY_PHASE_STRIP = NO;
				DEBUG_INFORMATION_FORMAT = "dwarf-with-dsym";
				ENABLE_NS_ASSERTIONS = NO;
				ENABLE_STRICT_OBJC_MSGSEND = YES;
				ENABLE_USER_SCRIPT_SANDBOXING = YES;
				GCC_C_LANGUAGE_STANDARD = gnu17;
				GCC_NO_COMMON_BLOCKS = YES;
				GCC_WARN_64_TO_32_BIT_CONVERSION = YES;
				GCC_WARN_ABOUT_RETURN_TYPE = YES_ERROR;
				GCC_WARN_UNDECLARED_SELECTOR = YES;
				GCC_WARN_UNINITIALIZED_AUTOS = YES_AGGRESSIVE;
				GCC_WARN_UNUSED_FUNCTION = YES;
				GCC_WARN_UNUSED_VARIABLE = YES;
				IPHONEOS_DEPLOYMENT_TARGET = 17.2;
				LOCALIZATION_PREFERS_STRING_CATALOGS = YES;
				MTL_ENABLE_DEBUG_INFO = NO;
				MTL_FAST_MATH = YES;
				SDKROOT = iphoneos;
				SWIFT_COMPILATION_MODE = wholemodule;
				VALIDATE_PRODUCT = YES;
			};
			name = Release;
		};
		7D92F3D22B8ED4E700914165 /* Debug */ = {
			isa = XCBuildConfiguration;
			buildSettings = {
				ASSETCATALOG_COMPILER_APPICON_NAME = AppIcon;
				ASSETCATALOG_COMPILER_GLOBAL_ACCENT_COLOR_NAME = AccentColor;
				CODE_SIGN_STYLE = Automatic;
				CURRENT_PROJECT_VERSION = 1;
				DEVELOPMENT_ASSET_PATHS = "\"LookUpRecipes/Preview Content\"";
				ENABLE_PREVIEWS = YES;
				GENERATE_INFOPLIST_FILE = YES;
				INFOPLIST_FILE = LookUpRecipes/Info.plist;
				INFOPLIST_KEY_UIApplicationSceneManifest_Generation = YES;
				INFOPLIST_KEY_UIApplicationSupportsIndirectInputEvents = YES;
				INFOPLIST_KEY_UILaunchScreen_Generation = YES;
				INFOPLIST_KEY_UISupportedInterfaceOrientations_iPad = "UIInterfaceOrientationPortrait UIInterfaceOrientationPortraitUpsideDown";
				INFOPLIST_KEY_UISupportedInterfaceOrientations_iPhone = UIInterfaceOrientationPortrait;
				LD_RUNPATH_SEARCH_PATHS = (
					"$(inherited)",
					"@executable_path/Frameworks",
				);
				MARKETING_VERSION = 1.0;
				PRODUCT_BUNDLE_IDENTIFIER = dml90.LookUpRecipes;
				PRODUCT_NAME = "$(TARGET_NAME)";
				SWIFT_EMIT_LOC_STRINGS = YES;
				SWIFT_VERSION = 5.0;
				TARGETED_DEVICE_FAMILY = "1,2";
			};
			name = Debug;
		};
		7D92F3D32B8ED4E700914165 /* Release */ = {
			isa = XCBuildConfiguration;
			buildSettings = {
				ASSETCATALOG_COMPILER_APPICON_NAME = AppIcon;
				ASSETCATALOG_COMPILER_GLOBAL_ACCENT_COLOR_NAME = AccentColor;
				CODE_SIGN_STYLE = Automatic;
				CURRENT_PROJECT_VERSION = 1;
				DEVELOPMENT_ASSET_PATHS = "\"LookUpRecipes/Preview Content\"";
				ENABLE_PREVIEWS = YES;
				GENERATE_INFOPLIST_FILE = YES;
				INFOPLIST_FILE = LookUpRecipes/Info.plist;
				INFOPLIST_KEY_UIApplicationSceneManifest_Generation = YES;
				INFOPLIST_KEY_UIApplicationSupportsIndirectInputEvents = YES;
				INFOPLIST_KEY_UILaunchScreen_Generation = YES;
				INFOPLIST_KEY_UISupportedInterfaceOrientations_iPad = "UIInterfaceOrientationPortrait UIInterfaceOrientationPortraitUpsideDown";
				INFOPLIST_KEY_UISupportedInterfaceOrientations_iPhone = UIInterfaceOrientationPortrait;
				LD_RUNPATH_SEARCH_PATHS = (
					"$(inherited)",
					"@executable_path/Frameworks",
				);
				MARKETING_VERSION = 1.0;
				PRODUCT_BUNDLE_IDENTIFIER = dml90.LookUpRecipes;
				PRODUCT_NAME = "$(TARGET_NAME)";
				SWIFT_EMIT_LOC_STRINGS = YES;
				SWIFT_VERSION = 5.0;
				TARGETED_DEVICE_FAMILY = "1,2";
			};
			name = Release;
		};
/* End XCBuildConfiguration section */

/* Begin XCConfigurationList section */
		7D92F3BE2B8ED4E500914165 /* Build configuration list for PBXProject "LookUpRecipes" */ = {
			isa = XCConfigurationList;
			buildConfigurations = (
				7D92F3CF2B8ED4E700914165 /* Debug */,
				7D92F3D02B8ED4E700914165 /* Release */,
			);
			defaultConfigurationIsVisible = 0;
			defaultConfigurationName = Release;
		};
		7D92F3D12B8ED4E700914165 /* Build configuration list for PBXNativeTarget "LookUpRecipes" */ = {
			isa = XCConfigurationList;
			buildConfigurations = (
				7D92F3D22B8ED4E700914165 /* Debug */,
				7D92F3D32B8ED4E700914165 /* Release */,
			);
			defaultConfigurationIsVisible = 0;
			defaultConfigurationName = Release;
		};
/* End XCConfigurationList section */
	};
	rootObject = 7D92F3BB2B8ED4E500914165 /* Project object */;
}
